
Microsoft Visual Studio Solution File, Format Version 12.00
# Visual Studio Version 16
VisualStudioVersion = 16.0.30128.74
MinimumVisualStudioVersion = 10.0.40219.1
Project("{888888A0-9F3D-457C-B088-3A5042F75D52}") = "Server_181213024_SamedBuğra_KARATAŞ", "Server_181213024_SamedBuğra_KARATAŞ\Server_181213024_SamedBuğra_KARATAŞ.pyproj", "{9ED4F8FC-C43B-45FD-93BE-8399D7B737CC}"
EndProject
Global
	GlobalSection(SolutionConfigurationPlatforms) = preSolution
		Debug|Any CPU = Debug|Any CPU
		Release|Any CPU = Release|Any CPU
	EndGlobalSection
	GlobalSection(ProjectConfigurationPlatforms) = postSolution
		{9ED4F8FC-C43B-45FD-93BE-8399D7B737CC}.Debug|Any CPU.ActiveCfg = Debug|Any CPU
		{9ED4F8FC-C43B-45FD-93BE-8399D7B737CC}.Release|Any CPU.ActiveCfg = Release|Any CPU
	EndGlobalSection
	GlobalSection(SolutionProperties) = preSolution
		HideSolutionNode = FALSE
	EndGlobalSection
	GlobalSection(ExtensibilityGlobals) = postSolution
		SolutionGuid = {42129FCE-A4EA-4829-9B6A-00221187D76D}
	EndGlobalSection
EndGlobal
